// !$*UTF8*$!
{
	archiveVersion = 1;
	classes = {
	};
	objectVersion = 46;
	objects = {

/* Begin PBXBuildFile section */
		A34BA84B1E95264A00134BDD /* AppDelegate.swift in Sources */ = {isa = PBXBuildFile; fileRef = A34BA84A1E95264A00134BDD /* AppDelegate.swift */; };
		A34BA84D1E95264A00134BDD /* SignInVC.swift in Sources */ = {isa = PBXBuildFile; fileRef = A34BA84C1E95264A00134BDD /* SignInVC.swift */; };
		A34BA8501E95264A00134BDD /* Main.storyboard in Resources */ = {isa = PBXBuildFile; fileRef = A34BA84E1E95264A00134BDD /* Main.storyboard */; };
		A34BA8521E95264A00134BDD /* Assets.xcassets in Resources */ = {isa = PBXBuildFile; fileRef = A34BA8511E95264A00134BDD /* Assets.xcassets */; };
		A34BA8551E95264A00134BDD /* LaunchScreen.storyboard in Resources */ = {isa = PBXBuildFile; fileRef = A34BA8531E95264A00134BDD /* LaunchScreen.storyboard */; };
		A34BA85D1E9526FD00134BDD /* GoogleService-Info.plist in Resources */ = {isa = PBXBuildFile; fileRef = A34BA85C1E9526FD00134BDD /* GoogleService-Info.plist */; };
		A34BA8621E9588D700134BDD /* FancyView.swift in Sources */ = {isa = PBXBuildFile; fileRef = A34BA8611E9588D700134BDD /* FancyView.swift */; };
		A34BA8651E95960200134BDD /* Constants.swift in Sources */ = {isa = PBXBuildFile; fileRef = A34BA8641E95960200134BDD /* Constants.swift */; };
		A34BA8671E9670F600134BDD /* RoundButton.swift in Sources */ = {isa = PBXBuildFile; fileRef = A34BA8661E9670F600134BDD /* RoundButton.swift */; };
		A34BA8691E9674A700134BDD /* FancyField.swift in Sources */ = {isa = PBXBuildFile; fileRef = A34BA8681E9674A700134BDD /* FancyField.swift */; };
		A34BA86B1E9678CD00134BDD /* FancyButton.swift in Sources */ = {isa = PBXBuildFile; fileRef = A34BA86A1E9678CD00134BDD /* FancyButton.swift */; };
		A34BA86E1E96B69A00134BDD /* LoginError.swift in Sources */ = {isa = PBXBuildFile; fileRef = A34BA86D1E96B69A00134BDD /* LoginError.swift */; };
		A3D182531E96BEC900898ACC /* Result.swift in Sources */ = {isa = PBXBuildFile; fileRef = A3D182521E96BEC900898ACC /* Result.swift */; };
		A3D182551E97CCB300898ACC /* FeedVC.swift in Sources */ = {isa = PBXBuildFile; fileRef = A3D182541E97CCB300898ACC /* FeedVC.swift */; };
		A3D182571E98036000898ACC /* CircleView.swift in Sources */ = {isa = PBXBuildFile; fileRef = A3D182561E98036000898ACC /* CircleView.swift */; };
		A3D182591E9819BA00898ACC /* PostCell.swift in Sources */ = {isa = PBXBuildFile; fileRef = A3D182581E9819BA00898ACC /* PostCell.swift */; };
		D853ED72C5A253E0AC2AE716 /* Pods_socialnetwork.framework in Frameworks */ = {isa = PBXBuildFile; fileRef = C6200BB568996010A114431A /* Pods_socialnetwork.framework */; };
/* End PBXBuildFile section */

/* Begin PBXFileReference section */
		45562DFE0BA61F58E1BA3927 /* Pods-socialnetwork.debug.xcconfig */ = {isa = PBXFileReference; includeInIndex = 1; lastKnownFileType = text.xcconfig; name = "Pods-socialnetwork.debug.xcconfig"; path = "Pods/Target Support Files/Pods-socialnetwork/Pods-socialnetwork.debug.xcconfig"; sourceTree = "<group>"; };
		561F68939B42E479F36AD57E /* Pods-socialnetwork.release.xcconfig */ = {isa = PBXFileReference; includeInIndex = 1; lastKnownFileType = text.xcconfig; name = "Pods-socialnetwork.release.xcconfig"; path = "Pods/Target Support Files/Pods-socialnetwork/Pods-socialnetwork.release.xcconfig"; sourceTree = "<group>"; };
		A34BA8471E95264A00134BDD /* socialnetwork.app */ = {isa = PBXFileReference; explicitFileType = wrapper.application; includeInIndex = 0; path = socialnetwork.app; sourceTree = BUILT_PRODUCTS_DIR; };
		A34BA84A1E95264A00134BDD /* AppDelegate.swift */ = {isa = PBXFileReference; lastKnownFileType = sourcecode.swift; path = AppDelegate.swift; sourceTree = "<group>"; };
		A34BA84C1E95264A00134BDD /* SignInVC.swift */ = {isa = PBXFileReference; lastKnownFileType = sourcecode.swift; path = SignInVC.swift; sourceTree = "<group>"; };
		A34BA84F1E95264A00134BDD /* Base */ = {isa = PBXFileReference; lastKnownFileType = file.storyboard; name = Base; path = Base.lproj/Main.storyboard; sourceTree = "<group>"; };
		A34BA8511E95264A00134BDD /* Assets.xcassets */ = {isa = PBXFileReference; lastKnownFileType = folder.assetcatalog; path = Assets.xcassets; sourceTree = "<group>"; };
		A34BA8541E95264A00134BDD /* Base */ = {isa = PBXFileReference; lastKnownFileType = file.storyboard; name = Base; path = Base.lproj/LaunchScreen.storyboard; sourceTree = "<group>"; };
		A34BA8561E95264A00134BDD /* Info.plist */ = {isa = PBXFileReference; lastKnownFileType = text.plist.xml; path = Info.plist; sourceTree = "<group>"; };
		A34BA85C1E9526FD00134BDD /* GoogleService-Info.plist */ = {isa = PBXFileReference; fileEncoding = 4; lastKnownFileType = text.plist.xml; path = "GoogleService-Info.plist"; sourceTree = "<group>"; };
		A34BA8611E9588D700134BDD /* FancyView.swift */ = {isa = PBXFileReference; fileEncoding = 4; lastKnownFileType = sourcecode.swift; path = FancyView.swift; sourceTree = "<group>"; };
		A34BA8641E95960200134BDD /* Constants.swift */ = {isa = PBXFileReference; fileEncoding = 4; lastKnownFileType = sourcecode.swift; path = Constants.swift; sourceTree = "<group>"; };
		A34BA8661E9670F600134BDD /* RoundButton.swift */ = {isa = PBXFileReference; fileEncoding = 4; lastKnownFileType = sourcecode.swift; path = RoundButton.swift; sourceTree = "<group>"; };
		A34BA8681E9674A700134BDD /* FancyField.swift */ = {isa = PBXFileReference; fileEncoding = 4; lastKnownFileType = sourcecode.swift; path = FancyField.swift; sourceTree = "<group>"; };
		A34BA86A1E9678CD00134BDD /* FancyButton.swift */ = {isa = PBXFileReference; fileEncoding = 4; lastKnownFileType = sourcecode.swift; path = FancyButton.swift; sourceTree = "<group>"; };
		A34BA86D1E96B69A00134BDD /* LoginError.swift */ = {isa = PBXFileReference; fileEncoding = 4; lastKnownFileType = sourcecode.swift; path = LoginError.swift; sourceTree = "<group>"; };
		A3D182521E96BEC900898ACC /* Result.swift */ = {isa = PBXFileReference; fileEncoding = 4; lastKnownFileType = sourcecode.swift; path = Result.swift; sourceTree = "<group>"; };
		A3D182541E97CCB300898ACC /* FeedVC.swift */ = {isa = PBXFileReference; fileEncoding = 4; lastKnownFileType = sourcecode.swift; path = FeedVC.swift; sourceTree = "<group>"; };
		A3D182561E98036000898ACC /* CircleView.swift */ = {isa = PBXFileReference; fileEncoding = 4; lastKnownFileType = sourcecode.swift; path = CircleView.swift; sourceTree = "<group>"; };
		A3D182581E9819BA00898ACC /* PostCell.swift */ = {isa = PBXFileReference; fileEncoding = 4; lastKnownFileType = sourcecode.swift; path = PostCell.swift; sourceTree = "<group>"; };
		C6200BB568996010A114431A /* Pods_socialnetwork.framework */ = {isa = PBXFileReference; explicitFileType = wrapper.framework; includeInIndex = 0; path = Pods_socialnetwork.framework; sourceTree = BUILT_PRODUCTS_DIR; };
/* End PBXFileReference section */

/* Begin PBXFrameworksBuildPhase section */
		A34BA8441E95264A00134BDD /* Frameworks */ = {
			isa = PBXFrameworksBuildPhase;
			buildActionMask = 2147483647;
			files = (
				D853ED72C5A253E0AC2AE716 /* Pods_socialnetwork.framework in Frameworks */,
			);
			runOnlyForDeploymentPostprocessing = 0;
		};
/* End PBXFrameworksBuildPhase section */

/* Begin PBXGroup section */
		869E6130A22E40EDED17D185 /* Frameworks */ = {
			isa = PBXGroup;
			children = (
				C6200BB568996010A114431A /* Pods_socialnetwork.framework */,
			);
			name = Frameworks;
			sourceTree = "<group>";
		};
		A34BA83E1E95264A00134BDD = {
			isa = PBXGroup;
			children = (
				A34BA8491E95264A00134BDD /* socialnetwork */,
				A34BA8481E95264A00134BDD /* Products */,
				DB239C57CFD558C4F1EE44F7 /* Pods */,
				869E6130A22E40EDED17D185 /* Frameworks */,
			);
			sourceTree = "<group>";
		};
		A34BA8481E95264A00134BDD /* Products */ = {
			isa = PBXGroup;
			children = (
				A34BA8471E95264A00134BDD /* socialnetwork.app */,
			);
			name = Products;
			sourceTree = "<group>";
		};
		A34BA8491E95264A00134BDD /* socialnetwork */ = {
			isa = PBXGroup;
			children = (
				A34BA86C1E96B67300134BDD /* Errors */,
				A34BA8631E9595F300134BDD /* Util */,
				A34BA8601E95581300134BDD /* Controller */,
				A34BA85F1E95580F00134BDD /* View */,
				A34BA85E1E95580B00134BDD /* Model */,
				A34BA84A1E95264A00134BDD /* AppDelegate.swift */,
				A34BA84E1E95264A00134BDD /* Main.storyboard */,
				A34BA8511E95264A00134BDD /* Assets.xcassets */,
				A34BA8531E95264A00134BDD /* LaunchScreen.storyboard */,
				A34BA85C1E9526FD00134BDD /* GoogleService-Info.plist */,
				A34BA8561E95264A00134BDD /* Info.plist */,
			);
			path = socialnetwork;
			sourceTree = "<group>";
		};
		A34BA85E1E95580B00134BDD /* Model */ = {
			isa = PBXGroup;
			children = (
				A3D182521E96BEC900898ACC /* Result.swift */,
			);
			name = Model;
			sourceTree = "<group>";
		};
		A34BA85F1E95580F00134BDD /* View */ = {
			isa = PBXGroup;
			children = (
				A34BA8611E9588D700134BDD /* FancyView.swift */,
				A34BA8661E9670F600134BDD /* RoundButton.swift */,
				A34BA8681E9674A700134BDD /* FancyField.swift */,
				A34BA86A1E9678CD00134BDD /* FancyButton.swift */,
				A3D182561E98036000898ACC /* CircleView.swift */,
				A3D182581E9819BA00898ACC /* PostCell.swift */,
			);
			name = View;
			sourceTree = "<group>";
		};
		A34BA8601E95581300134BDD /* Controller */ = {
			isa = PBXGroup;
			children = (
				A34BA84C1E95264A00134BDD /* SignInVC.swift */,
				A3D182541E97CCB300898ACC /* FeedVC.swift */,
			);
			name = Controller;
			sourceTree = "<group>";
		};
		A34BA8631E9595F300134BDD /* Util */ = {
			isa = PBXGroup;
			children = (
				A34BA8641E95960200134BDD /* Constants.swift */,
			);
			name = Util;
			sourceTree = "<group>";
		};
		A34BA86C1E96B67300134BDD /* Errors */ = {
			isa = PBXGroup;
			children = (
				A34BA86D1E96B69A00134BDD /* LoginError.swift */,
			);
			name = Errors;
			sourceTree = "<group>";
		};
		DB239C57CFD558C4F1EE44F7 /* Pods */ = {
			isa = PBXGroup;
			children = (
				45562DFE0BA61F58E1BA3927 /* Pods-socialnetwork.debug.xcconfig */,
				561F68939B42E479F36AD57E /* Pods-socialnetwork.release.xcconfig */,
			);
			name = Pods;
			sourceTree = "<group>";
		};
/* End PBXGroup section */

/* Begin PBXNativeTarget section */
		A34BA8461E95264A00134BDD /* socialnetwork */ = {
			isa = PBXNativeTarget;
			buildConfigurationList = A34BA8591E95264A00134BDD /* Build configuration list for PBXNativeTarget "socialnetwork" */;
			buildPhases = (
				EDB6F83969A92F65941AD6A7 /* [CP] Check Pods Manifest.lock */,
				A34BA8431E95264A00134BDD /* Sources */,
				A34BA8441E95264A00134BDD /* Frameworks */,
				A34BA8451E95264A00134BDD /* Resources */,
				3D82FB353498295175C34A87 /* [CP] Embed Pods Frameworks */,
				F516904577C95258B2E38815 /* [CP] Copy Pods Resources */,
			);
			buildRules = (
			);
			dependencies = (
			);
			name = socialnetwork;
			productName = socialnetwork;
			productReference = A34BA8471E95264A00134BDD /* socialnetwork.app */;
			productType = "com.apple.product-type.application";
		};
/* End PBXNativeTarget section */

/* Begin PBXProject section */
		A34BA83F1E95264A00134BDD /* Project object */ = {
			isa = PBXProject;
			attributes = {
				LastSwiftUpdateCheck = 0820;
				LastUpgradeCheck = 0820;
				ORGANIZATIONNAME = "Jose Fernando Meyer";
				TargetAttributes = {
					A34BA8461E95264A00134BDD = {
						CreatedOnToolsVersion = 8.2.1;
						DevelopmentTeam = 84N23DWB6L;
						ProvisioningStyle = Automatic;
					};
				};
			};
			buildConfigurationList = A34BA8421E95264A00134BDD /* Build configuration list for PBXProject "socialnetwork" */;
			compatibilityVersion = "Xcode 3.2";
			developmentRegion = English;
			hasScannedForEncodings = 0;
			knownRegions = (
				en,
				Base,
			);
			mainGroup = A34BA83E1E95264A00134BDD;
			productRefGroup = A34BA8481E95264A00134BDD /* Products */;
			projectDirPath = "";
			projectRoot = "";
			targets = (
				A34BA8461E95264A00134BDD /* socialnetwork */,
			);
		};
/* End PBXProject section */

/* Begin PBXResourcesBuildPhase section */
		A34BA8451E95264A00134BDD /* Resources */ = {
			isa = PBXResourcesBuildPhase;
			buildActionMask = 2147483647;
			files = (
				A34BA8551E95264A00134BDD /* LaunchScreen.storyboard in Resources */,
				A34BA85D1E9526FD00134BDD /* GoogleService-Info.plist in Resources */,
				A34BA8521E95264A00134BDD /* Assets.xcassets in Resources */,
				A34BA8501E95264A00134BDD /* Main.storyboard in Resources */,
			);
			runOnlyForDeploymentPostprocessing = 0;
		};
/* End PBXResourcesBuildPhase section */

/* Begin PBXShellScriptBuildPhase section */
		3D82FB353498295175C34A87 /* [CP] Embed Pods Frameworks */ = {
			isa = PBXShellScriptBuildPhase;
			buildActionMask = 2147483647;
			files = (
			);
			inputPaths = (
			);
			name = "[CP] Embed Pods Frameworks";
			outputPaths = (
			);
			runOnlyForDeploymentPostprocessing = 0;
			shellPath = /bin/sh;
			shellScript = "\"${SRCROOT}/Pods/Target Support Files/Pods-socialnetwork/Pods-socialnetwork-frameworks.sh\"\n";
			showEnvVarsInLog = 0;
		};
		EDB6F83969A92F65941AD6A7 /* [CP] Check Pods Manifest.lock */ = {
			isa = PBXShellScriptBuildPhase;
			buildActionMask = 2147483647;
			files = (
			);
			inputPaths = (
			);
			name = "[CP] Check Pods Manifest.lock";
			outputPaths = (
			);
			runOnlyForDeploymentPostprocessing = 0;
			shellPath = /bin/sh;
			shellScript = "diff \"${PODS_ROOT}/../Podfile.lock\" \"${PODS_ROOT}/Manifest.lock\" > /dev/null\nif [ $? != 0 ] ; then\n    # print error to STDERR\n    echo \"error: The sandbox is not in sync with the Podfile.lock. Run 'pod install' or update your CocoaPods installation.\" >&2\n    exit 1\nfi\n";
			showEnvVarsInLog = 0;
		};
		F516904577C95258B2E38815 /* [CP] Copy Pods Resources */ = {
			isa = PBXShellScriptBuildPhase;
			buildActionMask = 2147483647;
			files = (
			);
			inputPaths = (
			);
			name = "[CP] Copy Pods Resources";
			outputPaths = (
			);
			runOnlyForDeploymentPostprocessing = 0;
			shellPath = /bin/sh;
			shellScript = "\"${SRCROOT}/Pods/Target Support Files/Pods-socialnetwork/Pods-socialnetwork-resources.sh\"\n";
			showEnvVarsInLog = 0;
		};
/* End PBXShellScriptBuildPhase section */

/* Begin PBXSourcesBuildPhase section */
		A34BA8431E95264A00134BDD /* Sources */ = {
			isa = PBXSourcesBuildPhase;
			buildActionMask = 2147483647;
			files = (
				A3D182531E96BEC900898ACC /* Result.swift in Sources */,
				A34BA86E1E96B69A00134BDD /* LoginError.swift in Sources */,
				A34BA8691E9674A700134BDD /* FancyField.swift in Sources */,
				A34BA84D1E95264A00134BDD /* SignInVC.swift in Sources */,
				A34BA8671E9670F600134BDD /* RoundButton.swift in Sources */,
				A3D182551E97CCB300898ACC /* FeedVC.swift in Sources */,
				A3D182571E98036000898ACC /* CircleView.swift in Sources */,
				A34BA86B1E9678CD00134BDD /* FancyButton.swift in Sources */,
				A34BA84B1E95264A00134BDD /* AppDelegate.swift in Sources */,
				A34BA8621E9588D700134BDD /* FancyView.swift in Sources */,
				A34BA8651E95960200134BDD /* Constants.swift in Sources */,
				A3D182591E9819BA00898ACC /* PostCell.swift in Sources */,
			);
			runOnlyForDeploymentPostprocessing = 0;
		};
/* End PBXSourcesBuildPhase section */

/* Begin PBXVariantGroup section */
		A34BA84E1E95264A00134BDD /* Main.storyboard */ = {
			isa = PBXVariantGroup;
			children = (
				A34BA84F1E95264A00134BDD /* Base */,
			);
			name = Main.storyboard;
			sourceTree = "<group>";
		};
		A34BA8531E95264A00134BDD /* LaunchScreen.storyboard */ = {
			isa = PBXVariantGroup;
			children = (
				A34BA8541E95264A00134BDD /* Base */,
			);
			name = LaunchScreen.storyboard;
			sourceTree = "<group>";
		};
/* End PBXVariantGroup section */

/* Begin XCBuildConfiguration section */
		A34BA8571E95264A00134BDD /* Debug */ = {
			isa = XCBuildConfiguration;
			buildSettings = {
				ALWAYS_SEARCH_USER_PATHS = NO;
				CLANG_ANALYZER_NONNULL = YES;
				CLANG_CXX_LANGUAGE_STANDARD = "gnu++0x";
				CLANG_CXX_LIBRARY = "libc++";
				CLANG_ENABLE_MODULES = YES;
				CLANG_ENABLE_OBJC_ARC = YES;
				CLANG_WARN_BOOL_CONVERSION = YES;
				CLANG_WARN_CONSTANT_CONVERSION = YES;
				CLANG_WARN_DIRECT_OBJC_ISA_USAGE = YES_ERROR;
				CLANG_WARN_DOCUMENTATION_COMMENTS = YES;
				CLANG_WARN_EMPTY_BODY = YES;
				CLANG_WARN_ENUM_CONVERSION = YES;
				CLANG_WARN_INFINITE_RECURSION = YES;
				CLANG_WARN_INT_CONVERSION = YES;
				CLANG_WARN_OBJC_ROOT_CLASS = YES_ERROR;
				CLANG_WARN_SUSPICIOUS_MOVE = YES;
				CLANG_WARN_UNREACHABLE_CODE = YES;
				CLANG_WARN__DUPLICATE_METHOD_MATCH = YES;
				"CODE_SIGN_IDENTITY[sdk=iphoneos*]" = "iPhone Developer";
				COPY_PHASE_STRIP = NO;
				DEBUG_INFORMATION_FORMAT = dwarf;
				ENABLE_STRICT_OBJC_MSGSEND = YES;
				ENABLE_TESTABILITY = YES;
				GCC_C_LANGUAGE_STANDARD = gnu99;
				GCC_DYNAMIC_NO_PIC = NO;
				GCC_NO_COMMON_BLOCKS = YES;
				GCC_OPTIMIZATION_LEVEL = 0;
				GCC_PREPROCESSOR_DEFINITIONS = (
					"DEBUG=1",
					"$(inherited)",
				);
				GCC_WARN_64_TO_32_BIT_CONVERSION = YES;
				GCC_WARN_ABOUT_RETURN_TYPE = YES_ERROR;
				GCC_WARN_UNDECLARED_SELECTOR = YES;
				GCC_WARN_UNINITIALIZED_AUTOS = YES_AGGRESSIVE;
				GCC_WARN_UNUSED_FUNCTION = YES;
				GCC_WARN_UNUSED_VARIABLE = YES;
				IPHONEOS_DEPLOYMENT_TARGET = 10.2;
				MTL_ENABLE_DEBUG_INFO = YES;
				ONLY_ACTIVE_ARCH = YES;
				SDKROOT = iphoneos;
				SWIFT_ACTIVE_COMPILATION_CONDITIONS = DEBUG;
				SWIFT_OPTIMIZATION_LEVEL = "-Onone";
				TARGETED_DEVICE_FAMILY = "1,2";
			};
			name = Debug;
		};
		A34BA8581E95264A00134BDD /* Release */ = {
			isa = XCBuildConfiguration;
			buildSettings = {
				ALWAYS_SEARCH_USER_PATHS = NO;
				CLANG_ANALYZER_NONNULL = YES;
				CLANG_CXX_LANGUAGE_STANDARD = "gnu++0x";
				CLANG_CXX_LIBRARY = "libc++";
				CLANG_ENABLE_MODULES = YES;
				CLANG_ENABLE_OBJC_ARC = YES;
				CLANG_WARN_BOOL_CONVERSION = YES;
				CLANG_WARN_CONSTANT_CONVERSION = YES;
				CLANG_WARN_DIRECT_OBJC_ISA_USAGE = YES_ERROR;
				CLANG_WARN_DOCUMENTATION_COMMENTS = YES;
				CLANG_WARN_EMPTY_BODY = YES;
				CLANG_WARN_ENUM_CONVERSION = YES;
				CLANG_WARN_INFINITE_RECURSION = YES;
				CLANG_WARN_INT_CONVERSION = YES;
				CLANG_WARN_OBJC_ROOT_CLASS = YES_ERROR;
				CLANG_WARN_SUSPICIOUS_MOVE = YES;
				CLANG_WARN_UNREACHABLE_CODE = YES;
				CLANG_WARN__DUPLICATE_METHOD_MATCH = YES;
				"CODE_SIGN_IDENTITY[sdk=iphoneos*]" = "iPhone Developer";
				COPY_PHASE_STRIP = NO;
				DEBUG_INFORMATION_FORMAT = "dwarf-with-dsym";
				ENABLE_NS_ASSERTIONS = NO;
				ENABLE_STRICT_OBJC_MSGSEND = YES;
				GCC_C_LANGUAGE_STANDARD = gnu99;
				GCC_NO_COMMON_BLOCKS = YES;
				GCC_WARN_64_TO_32_BIT_CONVERSION = YES;
				GCC_WARN_ABOUT_RETURN_TYPE = YES_ERROR;
				GCC_WARN_UNDECLARED_SELECTOR = YES;
				GCC_WARN_UNINITIALIZED_AUTOS = YES_AGGRESSIVE;
				GCC_WARN_UNUSED_FUNCTION = YES;
				GCC_WARN_UNUSED_VARIABLE = YES;
				IPHONEOS_DEPLOYMENT_TARGET = 10.2;
				MTL_ENABLE_DEBUG_INFO = NO;
				SDKROOT = iphoneos;
				SWIFT_OPTIMIZATION_LEVEL = "-Owholemodule";
				TARGETED_DEVICE_FAMILY = "1,2";
				VALIDATE_PRODUCT = YES;
			};
			name = Release;
		};
		A34BA85A1E95264A00134BDD /* Debug */ = {
			isa = XCBuildConfiguration;
			baseConfigurationReference = 45562DFE0BA61F58E1BA3927 /* Pods-socialnetwork.debug.xcconfig */;
			buildSettings = {
				ASSETCATALOG_COMPILER_APPICON_NAME = AppIcon;
				DEVELOPMENT_TEAM = 84N23DWB6L;
				INFOPLIST_FILE = socialnetwork/Info.plist;
				LD_RUNPATH_SEARCH_PATHS = "$(inherited) @executable_path/Frameworks";
				PRODUCT_BUNDLE_IDENTIFIER = com.ios.socialnetwork;
				PRODUCT_NAME = "$(TARGET_NAME)";
				SWIFT_VERSION = 3.0;
			};
			name = Debug;
		};
		A34BA85B1E95264A00134BDD /* Release */ = {
			isa = XCBuildConfiguration;
			baseConfigurationReference = 561F68939B42E479F36AD57E /* Pods-socialnetwork.release.xcconfig */;
			buildSettings = {
				ASSETCATALOG_COMPILER_APPICON_NAME = AppIcon;
				DEVELOPMENT_TEAM = 84N23DWB6L;
				INFOPLIST_FILE = socialnetwork/Info.plist;
				LD_RUNPATH_SEARCH_PATHS = "$(inherited) @executable_path/Frameworks";
				PRODUCT_BUNDLE_IDENTIFIER = com.ios.socialnetwork;
				PRODUCT_NAME = "$(TARGET_NAME)";
				SWIFT_VERSION = 3.0;
			};
			name = Release;
		};
/* End XCBuildConfiguration section */

/* Begin XCConfigurationList section */
		A34BA8421E95264A00134BDD /* Build configuration list for PBXProject "socialnetwork" */ = {
			isa = XCConfigurationList;
			buildConfigurations = (
				A34BA8571E95264A00134BDD /* Debug */,
				A34BA8581E95264A00134BDD /* Release */,
			);
			defaultConfigurationIsVisible = 0;
			defaultConfigurationName = Release;
		};
		A34BA8591E95264A00134BDD /* Build configuration list for PBXNativeTarget "socialnetwork" */ = {
			isa = XCConfigurationList;
			buildConfigurations = (
				A34BA85A1E95264A00134BDD /* Debug */,
				A34BA85B1E95264A00134BDD /* Release */,
			);
			defaultConfigurationIsVisible = 0;
			defaultConfigurationName = Release;
		};
/* End XCConfigurationList section */
	};
	rootObject = A34BA83F1E95264A00134BDD /* Project object */;
}
