// !$*UTF8*$!
{
	archiveVersion = 1;
	classes = {
	};
	objectVersion = 46;
	objects = {

/* Begin PBXBuildFile section */
		A34BA84B1E95264A00134BDD /* AppDelegate.swift in Sources */ = {isa = PBXBuildFile; fileRef = A34BA84A1E95264A00134BDD /* AppDelegate.swift */; };
		A34BA84D1E95264A00134BDD /* ViewController.swift in Sources */ = {isa = PBXBuildFile; fileRef = A34BA84C1E95264A00134BDD /* ViewController.swift */; };
		A34BA8501E95264A00134BDD /* Main.storyboard in Resources */ = {isa = PBXBuildFile; fileRef = A34BA84E1E95264A00134BDD /* Main.storyboard */; };
		A34BA8521E95264A00134BDD /* Assets.xcassets in Resources */ = {isa = PBXBuildFile; fileRef = A34BA8511E95264A00134BDD /* Assets.xcassets */; };
		A34BA8551E95264A00134BDD /* LaunchScreen.storyboard in Resources */ = {isa = PBXBuildFile; fileRef = A34BA8531E95264A00134BDD /* LaunchScreen.storyboard */; };
/* End PBXBuildFile section */

/* Begin PBXFileReference section */
		A34BA8471E95264A00134BDD /* socialnetwork.app */ = {isa = PBXFileReference; explicitFileType = wrapper.application; includeInIndex = 0; path = socialnetwork.app; sourceTree = BUILT_PRODUCTS_DIR; };
		A34BA84A1E95264A00134BDD /* AppDelegate.swift */ = {isa = PBXFileReference; lastKnownFileType = sourcecode.swift; path = AppDelegate.swift; sourceTree = "<group>"; };
		A34BA84C1E95264A00134BDD /* ViewController.swift */ = {isa = PBXFileReference; lastKnownFileType = sourcecode.swift; path = ViewController.swift; sourceTree = "<group>"; };
		A34BA84F1E95264A00134BDD /* Base */ = {isa = PBXFileReference; lastKnownFileType = file.storyboard; name = Base; path = Base.lproj/Main.storyboard; sourceTree = "<group>"; };
		A34BA8511E95264A00134BDD /* Assets.xcassets */ = {isa = PBXFileReference; lastKnownFileType = folder.assetcatalog; path = Assets.xcassets; sourceTree = "<group>"; };
		A34BA8541E95264A00134BDD /* Base */ = {isa = PBXFileReference; lastKnownFileType = file.storyboard; name = Base; path = Base.lproj/LaunchScreen.storyboard; sourceTree = "<group>"; };
		A34BA8561E95264A00134BDD /* Info.plist */ = {isa = PBXFileReference; lastKnownFileType = text.plist.xml; path = Info.plist; sourceTree = "<group>"; };
/* End PBXFileReference section */

/* Begin PBXFrameworksBuildPhase section */
		A34BA8441E95264A00134BDD /* Frameworks */ = {
			isa = PBXFrameworksBuildPhase;
			buildActionMask = 2147483647;
			files = (
			);
			runOnlyForDeploymentPostprocessing = 0;
		};
/* End PBXFrameworksBuildPhase section */

/* Begin PBXGroup section */
		A34BA83E1E95264A00134BDD = {
			isa = PBXGroup;
			children = (
				A34BA8491E95264A00134BDD /* socialnetwork */,
				A34BA8481E95264A00134BDD /* Products */,
			);
			sourceTree = "<group>";
		};
		A34BA8481E95264A00134BDD /* Products */ = {
			isa = PBXGroup;
			children = (
				A34BA8471E95264A00134BDD /* socialnetwork.app */,
			);
			name = Products;
			sourceTree = "<group>";
		};
		A34BA8491E95264A00134BDD /* socialnetwork */ = {
			isa = PBXGroup;
			children = (
				A34BA84A1E95264A00134BDD /* AppDelegate.swift */,
				A34BA84C1E95264A00134BDD /* ViewController.swift */,
				A34BA84E1E95264A00134BDD /* Main.storyboard */,
				A34BA8511E95264A00134BDD /* Assets.xcassets */,
				A34BA8531E95264A00134BDD /* LaunchScreen.storyboard */,
				A34BA8561E95264A00134BDD /* Info.plist */,
			);
			path = socialnetwork;
			sourceTree = "<group>";
		};
/* End PBXGroup section */

/* Begin PBXNativeTarget section */
		A34BA8461E95264A00134BDD /* socialnetwork */ = {
			isa = PBXNativeTarget;
			buildConfigurationList = A34BA8591E95264A00134BDD /* Build configuration list for PBXNativeTarget "socialnetwork" */;
			buildPhases = (
				A34BA8431E95264A00134BDD /* Sources */,
				A34BA8441E95264A00134BDD /* Frameworks */,
				A34BA8451E95264A00134BDD /* Resources */,
			);
			buildRules = (
			);
			dependencies = (
			);
			name = socialnetwork;
			productName = socialnetwork;
			productReference = A34BA8471E95264A00134BDD /* socialnetwork.app */;
			productType = "com.apple.product-type.application";
		};
/* End PBXNativeTarget section */

/* Begin PBXProject section */
		A34BA83F1E95264A00134BDD /* Project object */ = {
			isa = PBXProject;
			attributes = {
				LastSwiftUpdateCheck = 0820;
				LastUpgradeCheck = 0820;
				ORGANIZATIONNAME = "Jose Fernando Meyer";
				TargetAttributes = {
					A34BA8461E95264A00134BDD = {
						CreatedOnToolsVersion = 8.2.1;
						DevelopmentTeam = 84N23DWB6L;
						ProvisioningStyle = Automatic;
					};
				};
			};
			buildConfigurationList = A34BA8421E95264A00134BDD /* Build configuration list for PBXProject "socialnetwork" */;
			compatibilityVersion = "Xcode 3.2";
			developmentRegion = English;
			hasScannedForEncodings = 0;
			knownRegions = (
				en,
				Base,
			);
			mainGroup = A34BA83E1E95264A00134BDD;
			productRefGroup = A34BA8481E95264A00134BDD /* Products */;
			projectDirPath = "";
			projectRoot = "";
			targets = (
				A34BA8461E95264A00134BDD /* socialnetwork */,
			);
		};
/* End PBXProject section */

/* Begin PBXResourcesBuildPhase section */
		A34BA8451E95264A00134BDD /* Resources */ = {
			isa = PBXResourcesBuildPhase;
			buildActionMask = 2147483647;
			files = (
				A34BA8551E95264A00134BDD /* LaunchScreen.storyboard in Resources */,
				A34BA8521E95264A00134BDD /* Assets.xcassets in Resources */,
				A34BA8501E95264A00134BDD /* Main.storyboard in Resources */,
			);
			runOnlyForDeploymentPostprocessing = 0;
		};
/* End PBXResourcesBuildPhase section */

/* Begin PBXSourcesBuildPhase section */
		A34BA8431E95264A00134BDD /* Sources */ = {
			isa = PBXSourcesBuildPhase;
			buildActionMask = 2147483647;
			files = (
				A34BA84D1E95264A00134BDD /* ViewController.swift in Sources */,
				A34BA84B1E95264A00134BDD /* AppDelegate.swift in Sources */,
			);
			runOnlyForDeploymentPostprocessing = 0;
		};
/* End PBXSourcesBuildPhase section */

/* Begin PBXVariantGroup section */
		A34BA84E1E95264A00134BDD /* Main.storyboard */ = {
			isa = PBXVariantGroup;
			children = (
				A34BA84F1E95264A00134BDD /* Base */,
			);
			name = Main.storyboard;
			sourceTree = "<group>";
		};
		A34BA8531E95264A00134BDD /* LaunchScreen.storyboard */ = {
			isa = PBXVariantGroup;
			children = (
				A34BA8541E95264A00134BDD /* Base */,
			);
			name = LaunchScreen.storyboard;
			sourceTree = "<group>";
		};
/* End PBXVariantGroup section */

/* Begin XCBuildConfiguration section */
		A34BA8571E95264A00134BDD /* Debug */ = {
			isa = XCBuildConfiguration;
			buildSettings = {
				ALWAYS_SEARCH_USER_PATHS = NO;
				CLANG_ANALYZER_NONNULL = YES;
				CLANG_CXX_LANGUAGE_STANDARD = "gnu++0x";
				CLANG_CXX_LIBRARY = "libc++";
				CLANG_ENABLE_MODULES = YES;
				CLANG_ENABLE_OBJC_ARC = YES;
				CLANG_WARN_BOOL_CONVERSION = YES;
				CLANG_WARN_CONSTANT_CONVERSION = YES;
				CLANG_WARN_DIRECT_OBJC_ISA_USAGE = YES_ERROR;
				CLANG_WARN_DOCUMENTATION_COMMENTS = YES;
				CLANG_WARN_EMPTY_BODY = YES;
				CLANG_WARN_ENUM_CONVERSION = YES;
				CLANG_WARN_INFINITE_RECURSION = YES;
				CLANG_WARN_INT_CONVERSION = YES;
				CLANG_WARN_OBJC_ROOT_CLASS = YES_ERROR;
				CLANG_WARN_SUSPICIOUS_MOVE = YES;
				CLANG_WARN_UNREACHABLE_CODE = YES;
				CLANG_WARN__DUPLICATE_METHOD_MATCH = YES;
				"CODE_SIGN_IDENTITY[sdk=iphoneos*]" = "iPhone Developer";
				COPY_PHASE_STRIP = NO;
				DEBUG_INFORMATION_FORMAT = dwarf;
				ENABLE_STRICT_OBJC_MSGSEND = YES;
				ENABLE_TESTABILITY = YES;
				GCC_C_LANGUAGE_STANDARD = gnu99;
				GCC_DYNAMIC_NO_PIC = NO;
				GCC_NO_COMMON_BLOCKS = YES;
				GCC_OPTIMIZATION_LEVEL = 0;
				GCC_PREPROCESSOR_DEFINITIONS = (
					"DEBUG=1",
					"$(inherited)",
				);
				GCC_WARN_64_TO_32_BIT_CONVERSION = YES;
				GCC_WARN_ABOUT_RETURN_TYPE = YES_ERROR;
				GCC_WARN_UNDECLARED_SELECTOR = YES;
				GCC_WARN_UNINITIALIZED_AUTOS = YES_AGGRESSIVE;
				GCC_WARN_UNUSED_FUNCTION = YES;
				GCC_WARN_UNUSED_VARIABLE = YES;
				IPHONEOS_DEPLOYMENT_TARGET = 10.2;
				MTL_ENABLE_DEBUG_INFO = YES;
				ONLY_ACTIVE_ARCH = YES;
				SDKROOT = iphoneos;
				SWIFT_ACTIVE_COMPILATION_CONDITIONS = DEBUG;
				SWIFT_OPTIMIZATION_LEVEL = "-Onone";
				TARGETED_DEVICE_FAMILY = "1,2";
			};
			name = Debug;
		};
		A34BA8581E95264A00134BDD /* Release */ = {
			isa = XCBuildConfiguration;
			buildSettings = {
				ALWAYS_SEARCH_USER_PATHS = NO;
				CLANG_ANALYZER_NONNULL = YES;
				CLANG_CXX_LANGUAGE_STANDARD = "gnu++0x";
				CLANG_CXX_LIBRARY = "libc++";
				CLANG_ENABLE_MODULES = YES;
				CLANG_ENABLE_OBJC_ARC = YES;
				CLANG_WARN_BOOL_CONVERSION = YES;
				CLANG_WARN_CONSTANT_CONVERSION = YES;
				CLANG_WARN_DIRECT_OBJC_ISA_USAGE = YES_ERROR;
				CLANG_WARN_DOCUMENTATION_COMMENTS = YES;
				CLANG_WARN_EMPTY_BODY = YES;
				CLANG_WARN_ENUM_CONVERSION = YES;
				CLANG_WARN_INFINITE_RECURSION = YES;
				CLANG_WARN_INT_CONVERSION = YES;
				CLANG_WARN_OBJC_ROOT_CLASS = YES_ERROR;
				CLANG_WARN_SUSPICIOUS_MOVE = YES;
				CLANG_WARN_UNREACHABLE_CODE = YES;
				CLANG_WARN__DUPLICATE_METHOD_MATCH = YES;
				"CODE_SIGN_IDENTITY[sdk=iphoneos*]" = "iPhone Developer";
				COPY_PHASE_STRIP = NO;
				DEBUG_INFORMATION_FORMAT = "dwarf-with-dsym";
				ENABLE_NS_ASSERTIONS = NO;
				ENABLE_STRICT_OBJC_MSGSEND = YES;
				GCC_C_LANGUAGE_STANDARD = gnu99;
				GCC_NO_COMMON_BLOCKS = YES;
				GCC_WARN_64_TO_32_BIT_CONVERSION = YES;
				GCC_WARN_ABOUT_RETURN_TYPE = YES_ERROR;
				GCC_WARN_UNDECLARED_SELECTOR = YES;
				GCC_WARN_UNINITIALIZED_AUTOS = YES_AGGRESSIVE;
				GCC_WARN_UNUSED_FUNCTION = YES;
				GCC_WARN_UNUSED_VARIABLE = YES;
				IPHONEOS_DEPLOYMENT_TARGET = 10.2;
				MTL_ENABLE_DEBUG_INFO = NO;
				SDKROOT = iphoneos;
				SWIFT_OPTIMIZATION_LEVEL = "-Owholemodule";
				TARGETED_DEVICE_FAMILY = "1,2";
				VALIDATE_PRODUCT = YES;
			};
			name = Release;
		};
		A34BA85A1E95264A00134BDD /* Debug */ = {
			isa = XCBuildConfiguration;
			buildSettings = {
				ASSETCATALOG_COMPILER_APPICON_NAME = AppIcon;
				DEVELOPMENT_TEAM = 84N23DWB6L;
				INFOPLIST_FILE = socialnetwork/Info.plist;
				LD_RUNPATH_SEARCH_PATHS = "$(inherited) @executable_path/Frameworks";
				PRODUCT_BUNDLE_IDENTIFIER = com.ios.socialnetwork;
				PRODUCT_NAME = "$(TARGET_NAME)";
				SWIFT_VERSION = 3.0;
			};
			name = Debug;
		};
		A34BA85B1E95264A00134BDD /* Release */ = {
			isa = XCBuildConfiguration;
			buildSettings = {
				ASSETCATALOG_COMPILER_APPICON_NAME = AppIcon;
				DEVELOPMENT_TEAM = 84N23DWB6L;
				INFOPLIST_FILE = socialnetwork/Info.plist;
				LD_RUNPATH_SEARCH_PATHS = "$(inherited) @executable_path/Frameworks";
				PRODUCT_BUNDLE_IDENTIFIER = com.ios.socialnetwork;
				PRODUCT_NAME = "$(TARGET_NAME)";
				SWIFT_VERSION = 3.0;
			};
			name = Release;
		};
/* End XCBuildConfiguration section */

/* Begin XCConfigurationList section */
		A34BA8421E95264A00134BDD /* Build configuration list for PBXProject "socialnetwork" */ = {
			isa = XCConfigurationList;
			buildConfigurations = (
				A34BA8571E95264A00134BDD /* Debug */,
				A34BA8581E95264A00134BDD /* Release */,
			);
			defaultConfigurationIsVisible = 0;
			defaultConfigurationName = Release;
		};
		A34BA8591E95264A00134BDD /* Build configuration list for PBXNativeTarget "socialnetwork" */ = {
			isa = XCConfigurationList;
			buildConfigurations = (
				A34BA85A1E95264A00134BDD /* Debug */,
				A34BA85B1E95264A00134BDD /* Release */,
			);
			defaultConfigurationIsVisible = 0;
		};
/* End XCConfigurationList section */
	};
	rootObject = A34BA83F1E95264A00134BDD /* Project object */;
}
